
Microsoft Visual Studio Solution File, Format Version 12.00
# Visual Studio Version 17
VisualStudioVersion = 17.3.32922.545
MinimumVisualStudioVersion = 10.0.40219.1
Project("{FAE04EC0-301F-11D3-BF4B-00C04F79EFBC}") = "L10_EBEAM_1200922", "L10_EBEAM_1200922.csproj", "{3C9A3C31-3312-49B7-9229-AC29BCFB5501}"
EndProject
Global
	GlobalSection(SolutionConfigurationPlatforms) = preSolution
		Debug|Any CPU = Debug|Any CPU
		Release|Any CPU = Release|Any CPU
	EndGlobalSection
	GlobalSection(ProjectConfigurationPlatforms) = postSolution
		{3C9A3C31-3312-49B7-9229-AC29BCFB5501}.Debug|Any CPU.ActiveCfg = Debug|Any CPU
		{3C9A3C31-3312-49B7-9229-AC29BCFB5501}.Debug|Any CPU.Build.0 = Debug|Any CPU
		{3C9A3C31-3312-49B7-9229-AC29BCFB5501}.Release|Any CPU.ActiveCfg = Release|Any CPU
		{3C9A3C31-3312-49B7-9229-AC29BCFB5501}.Release|Any CPU.Build.0 = Release|Any CPU
	EndGlobalSection
	GlobalSection(SolutionProperties) = preSolution
		HideSolutionNode = FALSE
	EndGlobalSection
	GlobalSection(ExtensibilityGlobals) = postSolution
		SolutionGuid = {8EE8A33C-BC98-424B-B193-46D9E7CFF7D2}
	EndGlobalSection
EndGlobal
